
Microsoft Visual Studio Solution File, Format Version 12.00
# Visual Studio Version 17
VisualStudioVersion = 17.2.32616.157
MinimumVisualStudioVersion = 10.0.40219.1
Project("{FAE04EC0-301F-11D3-BF4B-00C04F79EFBC}") = "Logus.SupportPage", "Logus.SupportPage\Logus.SupportPage.csproj", "{2A1FAFF5-B5AE-4EB6-AC75-C746011D3CD7}"
EndProject
Global
	GlobalSection(SolutionConfigurationPlatforms) = preSolution
		Debug|Any CPU = Debug|Any CPU
		Release|Any CPU = Release|Any CPU
	EndGlobalSection
	GlobalSection(ProjectConfigurationPlatforms) = postSolution
		{2A1FAFF5-B5AE-4EB6-AC75-C746011D3CD7}.Debug|Any CPU.ActiveCfg = Debug|Any CPU
		{2A1FAFF5-B5AE-4EB6-AC75-C746011D3CD7}.Debug|Any CPU.Build.0 = Debug|Any CPU
		{2A1FAFF5-B5AE-4EB6-AC75-C746011D3CD7}.Release|Any CPU.ActiveCfg = Release|Any CPU
		{2A1FAFF5-B5AE-4EB6-AC75-C746011D3CD7}.Release|Any CPU.Build.0 = Release|Any CPU
	EndGlobalSection
	GlobalSection(SolutionProperties) = preSolution
		HideSolutionNode = FALSE
	EndGlobalSection
	GlobalSection(ExtensibilityGlobals) = postSolution
		SolutionGuid = {2E88739D-005C-4888-91D5-F757466BD133}
	EndGlobalSection
EndGlobal
